
Microsoft Visual Studio Solution File, Format Version 12.00
Project("{FAE04EC0-301F-11D3-BF4B-00C04F79EFBC}") = "Events", "Events.csproj", "{1F0C4047-907F-4BD0-B408-32404CD26330}"
EndProject
Project("{2150E333-8FDC-42A3-9474-1A3956D46DE8}") = "Solution Items", "Solution Items", "{587D3BB6-CE38-449A-A54A-02A34BF47DF9}"
	ProjectSection(SolutionItems) = preProject
		docker-compose.yml = docker-compose.yml
	EndProjectSection
EndProject
Global
	GlobalSection(SolutionConfigurationPlatforms) = preSolution
		Debug|Any CPU = Debug|Any CPU
		Release|Any CPU = Release|Any CPU
	EndGlobalSection
	GlobalSection(ProjectConfigurationPlatforms) = postSolution
		{1F0C4047-907F-4BD0-B408-32404CD26330}.Debug|Any CPU.ActiveCfg = Debug|Any CPU
		{1F0C4047-907F-4BD0-B408-32404CD26330}.Debug|Any CPU.Build.0 = Debug|Any CPU
		{1F0C4047-907F-4BD0-B408-32404CD26330}.Release|Any CPU.ActiveCfg = Release|Any CPU
		{1F0C4047-907F-4BD0-B408-32404CD26330}.Release|Any CPU.Build.0 = Release|Any CPU
	EndGlobalSection
EndGlobal
